// !$*UTF8*$!
{
	archiveVersion = 1;
	classes = {
	};
	objectVersion = 46;
	objects = {

/* Begin PBXBuildFile section */
		446489B719D2C59D00573E4C /* Foundation.framework in Frameworks */ = {isa = PBXBuildFile; fileRef = 446489B619D2C59D00573E4C /* Foundation.framework */; };
		446489B919D2C59D00573E4C /* CoreGraphics.framework in Frameworks */ = {isa = PBXBuildFile; fileRef = 446489B819D2C59D00573E4C /* CoreGraphics.framework */; };
		446489BB19D2C59D00573E4C /* UIKit.framework in Frameworks */ = {isa = PBXBuildFile; fileRef = 446489BA19D2C59D00573E4C /* UIKit.framework */; };
		446489C119D2C59D00573E4C /* InfoPlist.strings in Resources */ = {isa = PBXBuildFile; fileRef = 446489BF19D2C59D00573E4C /* InfoPlist.strings */; };
		446489C319D2C59D00573E4C /* main.m in Sources */ = {isa = PBXBuildFile; fileRef = 446489C219D2C59D00573E4C /* main.m */; };
		446489C719D2C59D00573E4C /* ESSAppDelegate.m in Sources */ = {isa = PBXBuildFile; fileRef = 446489C619D2C59D00573E4C /* ESSAppDelegate.m */; };
		446489CA19D2C59D00573E4C /* Main.storyboard in Resources */ = {isa = PBXBuildFile; fileRef = 446489C819D2C59D00573E4C /* Main.storyboard */; };
		446489CD19D2C59D00573E4C /* ESSViewController.m in Sources */ = {isa = PBXBuildFile; fileRef = 446489CC19D2C59D00573E4C /* ESSViewController.m */; };
		446489CF19D2C59D00573E4C /* Images.xcassets in Resources */ = {isa = PBXBuildFile; fileRef = 446489CE19D2C59D00573E4C /* Images.xcassets */; };
		446489D619D2C59D00573E4C /* XCTest.framework in Frameworks */ = {isa = PBXBuildFile; fileRef = 446489D519D2C59D00573E4C /* XCTest.framework */; };
		446489D719D2C59D00573E4C /* Foundation.framework in Frameworks */ = {isa = PBXBuildFile; fileRef = 446489B619D2C59D00573E4C /* Foundation.framework */; };
		446489D819D2C59D00573E4C /* UIKit.framework in Frameworks */ = {isa = PBXBuildFile; fileRef = 446489BA19D2C59D00573E4C /* UIKit.framework */; };
		446489E019D2C59D00573E4C /* InfoPlist.strings in Resources */ = {isa = PBXBuildFile; fileRef = 446489DE19D2C59D00573E4C /* InfoPlist.strings */; };
		446489E219D2C59D00573E4C /* uidynamicsDemoTests.m in Sources */ = {isa = PBXBuildFile; fileRef = 446489E119D2C59D00573E4C /* uidynamicsDemoTests.m */; };
/* End PBXBuildFile section */

/* Begin PBXContainerItemProxy section */
		446489D919D2C59D00573E4C /* PBXContainerItemProxy */ = {
			isa = PBXContainerItemProxy;
			containerPortal = 446489AB19D2C59D00573E4C /* Project object */;
			proxyType = 1;
			remoteGlobalIDString = 446489B219D2C59D00573E4C;
			remoteInfo = uidynamicsDemo;
		};
/* End PBXContainerItemProxy section */

/* Begin PBXFileReference section */
		446489B319D2C59D00573E4C /* uidynamicsDemo.app */ = {isa = PBXFileReference; explicitFileType = wrapper.application; includeInIndex = 0; path = uidynamicsDemo.app; sourceTree = BUILT_PRODUCTS_DIR; };
		446489B619D2C59D00573E4C /* Foundation.framework */ = {isa = PBXFileReference; lastKnownFileType = wrapper.framework; name = Foundation.framework; path = System/Library/Frameworks/Foundation.framework; sourceTree = SDKROOT; };
		446489B819D2C59D00573E4C /* CoreGraphics.framework */ = {isa = PBXFileReference; lastKnownFileType = wrapper.framework; name = CoreGraphics.framework; path = System/Library/Frameworks/CoreGraphics.framework; sourceTree = SDKROOT; };
		446489BA19D2C59D00573E4C /* UIKit.framework */ = {isa = PBXFileReference; lastKnownFileType = wrapper.framework; name = UIKit.framework; path = System/Library/Frameworks/UIKit.framework; sourceTree = SDKROOT; };
		446489BE19D2C59D00573E4C /* uidynamicsDemo-Info.plist */ = {isa = PBXFileReference; lastKnownFileType = text.plist.xml; path = "uidynamicsDemo-Info.plist"; sourceTree = "<group>"; };
		446489C019D2C59D00573E4C /* en */ = {isa = PBXFileReference; lastKnownFileType = text.plist.strings; name = en; path = en.lproj/InfoPlist.strings; sourceTree = "<group>"; };
		446489C219D2C59D00573E4C /* main.m */ = {isa = PBXFileReference; lastKnownFileType = sourcecode.c.objc; path = main.m; sourceTree = "<group>"; };
		446489C419D2C59D00573E4C /* uidynamicsDemo-Prefix.pch */ = {isa = PBXFileReference; lastKnownFileType = sourcecode.c.h; path = "uidynamicsDemo-Prefix.pch"; sourceTree = "<group>"; };
		446489C519D2C59D00573E4C /* ESSAppDelegate.h */ = {isa = PBXFileReference; lastKnownFileType = sourcecode.c.h; path = ESSAppDelegate.h; sourceTree = "<group>"; };
		446489C619D2C59D00573E4C /* ESSAppDelegate.m */ = {isa = PBXFileReference; lastKnownFileType = sourcecode.c.objc; path = ESSAppDelegate.m; sourceTree = "<group>"; };
		446489C919D2C59D00573E4C /* Base */ = {isa = PBXFileReference; lastKnownFileType = file.storyboard; name = Base; path = Base.lproj/Main.storyboard; sourceTree = "<group>"; };
		446489CB19D2C59D00573E4C /* ESSViewController.h */ = {isa = PBXFileReference; lastKnownFileType = sourcecode.c.h; path = ESSViewController.h; sourceTree = "<group>"; };
		446489CC19D2C59D00573E4C /* ESSViewController.m */ = {isa = PBXFileReference; lastKnownFileType = sourcecode.c.objc; path = ESSViewController.m; sourceTree = "<group>"; };
		446489CE19D2C59D00573E4C /* Images.xcassets */ = {isa = PBXFileReference; lastKnownFileType = folder.assetcatalog; path = Images.xcassets; sourceTree = "<group>"; };
		446489D419D2C59D00573E4C /* uidynamicsDemoTests.xctest */ = {isa = PBXFileReference; explicitFileType = wrapper.cfbundle; includeInIndex = 0; path = uidynamicsDemoTests.xctest; sourceTree = BUILT_PRODUCTS_DIR; };
		446489D519D2C59D00573E4C /* XCTest.framework */ = {isa = PBXFileReference; lastKnownFileType = wrapper.framework; name = XCTest.framework; path = Library/Frameworks/XCTest.framework; sourceTree = DEVELOPER_DIR; };
		446489DD19D2C59D00573E4C /* uidynamicsDemoTests-Info.plist */ = {isa = PBXFileReference; lastKnownFileType = text.plist.xml; path = "uidynamicsDemoTests-Info.plist"; sourceTree = "<group>"; };
		446489DF19D2C59D00573E4C /* en */ = {isa = PBXFileReference; lastKnownFileType = text.plist.strings; name = en; path = en.lproj/InfoPlist.strings; sourceTree = "<group>"; };
		446489E119D2C59D00573E4C /* uidynamicsDemoTests.m */ = {isa = PBXFileReference; lastKnownFileType = sourcecode.c.objc; path = uidynamicsDemoTests.m; sourceTree = "<group>"; };
/* End PBXFileReference section */

/* Begin PBXFrameworksBuildPhase section */
		446489B019D2C59D00573E4C /* Frameworks */ = {
			isa = PBXFrameworksBuildPhase;
			buildActionMask = 2147483647;
			files = (
				446489B919D2C59D00573E4C /* CoreGraphics.framework in Frameworks */,
				446489BB19D2C59D00573E4C /* UIKit.framework in Frameworks */,
				446489B719D2C59D00573E4C /* Foundation.framework in Frameworks */,
			);
			runOnlyForDeploymentPostprocessing = 0;
		};
		446489D119D2C59D00573E4C /* Frameworks */ = {
			isa = PBXFrameworksBuildPhase;
			buildActionMask = 2147483647;
			files = (
				446489D619D2C59D00573E4C /* XCTest.framework in Frameworks */,
				446489D819D2C59D00573E4C /* UIKit.framework in Frameworks */,
				446489D719D2C59D00573E4C /* Foundation.framework in Frameworks */,
			);
			runOnlyForDeploymentPostprocessing = 0;
		};
/* End PBXFrameworksBuildPhase section */

/* Begin PBXGroup section */
		446489AA19D2C59D00573E4C = {
			isa = PBXGroup;
			children = (
				446489BC19D2C59D00573E4C /* uidynamicsDemo */,
				446489DB19D2C59D00573E4C /* uidynamicsDemoTests */,
				446489B519D2C59D00573E4C /* Frameworks */,
				446489B419D2C59D00573E4C /* Products */,
			);
			sourceTree = "<group>";
		};
		446489B419D2C59D00573E4C /* Products */ = {
			isa = PBXGroup;
			children = (
				446489B319D2C59D00573E4C /* uidynamicsDemo.app */,
				446489D419D2C59D00573E4C /* uidynamicsDemoTests.xctest */,
			);
			name = Products;
			sourceTree = "<group>";
		};
		446489B519D2C59D00573E4C /* Frameworks */ = {
			isa = PBXGroup;
			children = (
				446489B619D2C59D00573E4C /* Foundation.framework */,
				446489B819D2C59D00573E4C /* CoreGraphics.framework */,
				446489BA19D2C59D00573E4C /* UIKit.framework */,
				446489D519D2C59D00573E4C /* XCTest.framework */,
			);
			name = Frameworks;
			sourceTree = "<group>";
		};
		446489BC19D2C59D00573E4C /* uidynamicsDemo */ = {
			isa = PBXGroup;
			children = (
				446489C519D2C59D00573E4C /* ESSAppDelegate.h */,
				446489C619D2C59D00573E4C /* ESSAppDelegate.m */,
				446489C819D2C59D00573E4C /* Main.storyboard */,
				446489CB19D2C59D00573E4C /* ESSViewController.h */,
				446489CC19D2C59D00573E4C /* ESSViewController.m */,
				446489CE19D2C59D00573E4C /* Images.xcassets */,
				446489BD19D2C59D00573E4C /* Supporting Files */,
			);
			path = uidynamicsDemo;
			sourceTree = "<group>";
		};
		446489BD19D2C59D00573E4C /* Supporting Files */ = {
			isa = PBXGroup;
			children = (
				446489BE19D2C59D00573E4C /* uidynamicsDemo-Info.plist */,
				446489BF19D2C59D00573E4C /* InfoPlist.strings */,
				446489C219D2C59D00573E4C /* main.m */,
				446489C419D2C59D00573E4C /* uidynamicsDemo-Prefix.pch */,
			);
			name = "Supporting Files";
			sourceTree = "<group>";
		};
		446489DB19D2C59D00573E4C /* uidynamicsDemoTests */ = {
			isa = PBXGroup;
			children = (
				446489E119D2C59D00573E4C /* uidynamicsDemoTests.m */,
				446489DC19D2C59D00573E4C /* Supporting Files */,
			);
			path = uidynamicsDemoTests;
			sourceTree = "<group>";
		};
		446489DC19D2C59D00573E4C /* Supporting Files */ = {
			isa = PBXGroup;
			children = (
				446489DD19D2C59D00573E4C /* uidynamicsDemoTests-Info.plist */,
				446489DE19D2C59D00573E4C /* InfoPlist.strings */,
			);
			name = "Supporting Files";
			sourceTree = "<group>";
		};
/* End PBXGroup section */

/* Begin PBXNativeTarget section */
		446489B219D2C59D00573E4C /* uidynamicsDemo */ = {
			isa = PBXNativeTarget;
			buildConfigurationList = 446489E519D2C59D00573E4C /* Build configuration list for PBXNativeTarget "uidynamicsDemo" */;
			buildPhases = (
				446489AF19D2C59D00573E4C /* Sources */,
				446489B019D2C59D00573E4C /* Frameworks */,
				446489B119D2C59D00573E4C /* Resources */,
			);
			buildRules = (
			);
			dependencies = (
			);
			name = uidynamicsDemo;
			productName = uidynamicsDemo;
			productReference = 446489B319D2C59D00573E4C /* uidynamicsDemo.app */;
			productType = "com.apple.product-type.application";
		};
		446489D319D2C59D00573E4C /* uidynamicsDemoTests */ = {
			isa = PBXNativeTarget;
			buildConfigurationList = 446489E819D2C59D00573E4C /* Build configuration list for PBXNativeTarget "uidynamicsDemoTests" */;
			buildPhases = (
				446489D019D2C59D00573E4C /* Sources */,
				446489D119D2C59D00573E4C /* Frameworks */,
				446489D219D2C59D00573E4C /* Resources */,
			);
			buildRules = (
			);
			dependencies = (
				446489DA19D2C59D00573E4C /* PBXTargetDependency */,
			);
			name = uidynamicsDemoTests;
			productName = uidynamicsDemoTests;
			productReference = 446489D419D2C59D00573E4C /* uidynamicsDemoTests.xctest */;
			productType = "com.apple.product-type.bundle.unit-test";
		};
/* End PBXNativeTarget section */

/* Begin PBXProject section */
		446489AB19D2C59D00573E4C /* Project object */ = {
			isa = PBXProject;
			attributes = {
				CLASSPREFIX = ESS;
				LastUpgradeCheck = 0510;
				ORGANIZATIONNAME = EverestIndia;
				TargetAttributes = {
					446489D319D2C59D00573E4C = {
						TestTargetID = 446489B219D2C59D00573E4C;
					};
				};
			};
			buildConfigurationList = 446489AE19D2C59D00573E4C /* Build configuration list for PBXProject "uidynamicsDemo" */;
			compatibilityVersion = "Xcode 3.2";
			developmentRegion = English;
			hasScannedForEncodings = 0;
			knownRegions = (
				en,
				Base,
			);
			mainGroup = 446489AA19D2C59D00573E4C;
			productRefGroup = 446489B419D2C59D00573E4C /* Products */;
			projectDirPath = "";
			projectRoot = "";
			targets = (
				446489B219D2C59D00573E4C /* uidynamicsDemo */,
				446489D319D2C59D00573E4C /* uidynamicsDemoTests */,
			);
		};
/* End PBXProject section */

/* Begin PBXResourcesBuildPhase section */
		446489B119D2C59D00573E4C /* Resources */ = {
			isa = PBXResourcesBuildPhase;
			buildActionMask = 2147483647;
			files = (
				446489CF19D2C59D00573E4C /* Images.xcassets in Resources */,
				446489C119D2C59D00573E4C /* InfoPlist.strings in Resources */,
				446489CA19D2C59D00573E4C /* Main.storyboard in Resources */,
			);
			runOnlyForDeploymentPostprocessing = 0;
		};
		446489D219D2C59D00573E4C /* Resources */ = {
			isa = PBXResourcesBuildPhase;
			buildActionMask = 2147483647;
			files = (
				446489E019D2C59D00573E4C /* InfoPlist.strings in Resources */,
			);
			runOnlyForDeploymentPostprocessing = 0;
		};
/* End PBXResourcesBuildPhase section */

/* Begin PBXSourcesBuildPhase section */
		446489AF19D2C59D00573E4C /* Sources */ = {
			isa = PBXSourcesBuildPhase;
			buildActionMask = 2147483647;
			files = (
				446489C719D2C59D00573E4C /* ESSAppDelegate.m in Sources */,
				446489C319D2C59D00573E4C /* main.m in Sources */,
				446489CD19D2C59D00573E4C /* ESSViewController.m in Sources */,
			);
			runOnlyForDeploymentPostprocessing = 0;
		};
		446489D019D2C59D00573E4C /* Sources */ = {
			isa = PBXSourcesBuildPhase;
			buildActionMask = 2147483647;
			files = (
				446489E219D2C59D00573E4C /* uidynamicsDemoTests.m in Sources */,
			);
			runOnlyForDeploymentPostprocessing = 0;
		};
/* End PBXSourcesBuildPhase section */

/* Begin PBXTargetDependency section */
		446489DA19D2C59D00573E4C /* PBXTargetDependency */ = {
			isa = PBXTargetDependency;
			target = 446489B219D2C59D00573E4C /* uidynamicsDemo */;
			targetProxy = 446489D919D2C59D00573E4C /* PBXContainerItemProxy */;
		};
/* End PBXTargetDependency section */

/* Begin PBXVariantGroup section */
		446489BF19D2C59D00573E4C /* InfoPlist.strings */ = {
			isa = PBXVariantGroup;
			children = (
				446489C019D2C59D00573E4C /* en */,
			);
			name = InfoPlist.strings;
			sourceTree = "<group>";
		};
		446489C819D2C59D00573E4C /* Main.storyboard */ = {
			isa = PBXVariantGroup;
			children = (
				446489C919D2C59D00573E4C /* Base */,
			);
			name = Main.storyboard;
			sourceTree = "<group>";
		};
		446489DE19D2C59D00573E4C /* InfoPlist.strings */ = {
			isa = PBXVariantGroup;
			children = (
				446489DF19D2C59D00573E4C /* en */,
			);
			name = InfoPlist.strings;
			sourceTree = "<group>";
		};
/* End PBXVariantGroup section */

/* Begin XCBuildConfiguration section */
		446489E319D2C59D00573E4C /* Debug */ = {
			isa = XCBuildConfiguration;
			buildSettings = {
				ALWAYS_SEARCH_USER_PATHS = NO;
				CLANG_CXX_LANGUAGE_STANDARD = "gnu++0x";
				CLANG_CXX_LIBRARY = "libc++";
				CLANG_ENABLE_MODULES = YES;
				CLANG_ENABLE_OBJC_ARC = YES;
				CLANG_WARN_BOOL_CONVERSION = YES;
				CLANG_WARN_CONSTANT_CONVERSION = YES;
				CLANG_WARN_DIRECT_OBJC_ISA_USAGE = YES_ERROR;
				CLANG_WARN_EMPTY_BODY = YES;
				CLANG_WARN_ENUM_CONVERSION = YES;
				CLANG_WARN_INT_CONVERSION = YES;
				CLANG_WARN_OBJC_ROOT_CLASS = YES_ERROR;
				CLANG_WARN__DUPLICATE_METHOD_MATCH = YES;
				"CODE_SIGN_IDENTITY[sdk=iphoneos*]" = "iPhone Developer";
				COPY_PHASE_STRIP = NO;
				GCC_C_LANGUAGE_STANDARD = gnu99;
				GCC_DYNAMIC_NO_PIC = NO;
				GCC_OPTIMIZATION_LEVEL = 0;
				GCC_PREPROCESSOR_DEFINITIONS = (
					"DEBUG=1",
					"$(inherited)",
				);
				GCC_SYMBOLS_PRIVATE_EXTERN = NO;
				GCC_WARN_64_TO_32_BIT_CONVERSION = YES;
				GCC_WARN_ABOUT_RETURN_TYPE = YES_ERROR;
				GCC_WARN_UNDECLARED_SELECTOR = YES;
				GCC_WARN_UNINITIALIZED_AUTOS = YES_AGGRESSIVE;
				GCC_WARN_UNUSED_FUNCTION = YES;
				GCC_WARN_UNUSED_VARIABLE = YES;
				IPHONEOS_DEPLOYMENT_TARGET = 7.1;
				ONLY_ACTIVE_ARCH = YES;
				SDKROOT = iphoneos;
			};
			name = Debug;
		};
		446489E419D2C59D00573E4C /* Release */ = {
			isa = XCBuildConfiguration;
			buildSettings = {
				ALWAYS_SEARCH_USER_PATHS = NO;
				CLANG_CXX_LANGUAGE_STANDARD = "gnu++0x";
				CLANG_CXX_LIBRARY = "libc++";
				CLANG_ENABLE_MODULES = YES;
				CLANG_ENABLE_OBJC_ARC = YES;
				CLANG_WARN_BOOL_CONVERSION = YES;
				CLANG_WARN_CONSTANT_CONVERSION = YES;
				CLANG_WARN_DIRECT_OBJC_ISA_USAGE = YES_ERROR;
				CLANG_WARN_EMPTY_BODY = YES;
				CLANG_WARN_ENUM_CONVERSION = YES;
				CLANG_WARN_INT_CONVERSION = YES;
				CLANG_WARN_OBJC_ROOT_CLASS = YES_ERROR;
				CLANG_WARN__DUPLICATE_METHOD_MATCH = YES;
				"CODE_SIGN_IDENTITY[sdk=iphoneos*]" = "iPhone Developer";
				COPY_PHASE_STRIP = YES;
				ENABLE_NS_ASSERTIONS = NO;
				GCC_C_LANGUAGE_STANDARD = gnu99;
				GCC_WARN_64_TO_32_BIT_CONVERSION = YES;
				GCC_WARN_ABOUT_RETURN_TYPE = YES_ERROR;
				GCC_WARN_UNDECLARED_SELECTOR = YES;
				GCC_WARN_UNINITIALIZED_AUTOS = YES_AGGRESSIVE;
				GCC_WARN_UNUSED_FUNCTION = YES;
				GCC_WARN_UNUSED_VARIABLE = YES;
				IPHONEOS_DEPLOYMENT_TARGET = 7.1;
				SDKROOT = iphoneos;
				VALIDATE_PRODUCT = YES;
			};
			name = Release;
		};
		446489E619D2C59D00573E4C /* Debug */ = {
			isa = XCBuildConfiguration;
			buildSettings = {
				ASSETCATALOG_COMPILER_APPICON_NAME = AppIcon;
				ASSETCATALOG_COMPILER_LAUNCHIMAGE_NAME = LaunchImage;
				GCC_PRECOMPILE_PREFIX_HEADER = YES;
				GCC_PREFIX_HEADER = "uidynamicsDemo/uidynamicsDemo-Prefix.pch";
				INFOPLIST_FILE = "uidynamicsDemo/uidynamicsDemo-Info.plist";
				PRODUCT_NAME = "$(TARGET_NAME)";
				WRAPPER_EXTENSION = app;
			};
			name = Debug;
		};
		446489E719D2C59D00573E4C /* Release */ = {
			isa = XCBuildConfiguration;
			buildSettings = {
				ASSETCATALOG_COMPILER_APPICON_NAME = AppIcon;
				ASSETCATALOG_COMPILER_LAUNCHIMAGE_NAME = LaunchImage;
				GCC_PRECOMPILE_PREFIX_HEADER = YES;
				GCC_PREFIX_HEADER = "uidynamicsDemo/uidynamicsDemo-Prefix.pch";
				INFOPLIST_FILE = "uidynamicsDemo/uidynamicsDemo-Info.plist";
				PRODUCT_NAME = "$(TARGET_NAME)";
				WRAPPER_EXTENSION = app;
			};
			name = Release;
		};
		446489E919D2C59D00573E4C /* Debug */ = {
			isa = XCBuildConfiguration;
			buildSettings = {
				BUNDLE_LOADER = "$(BUILT_PRODUCTS_DIR)/uidynamicsDemo.app/uidynamicsDemo";
				FRAMEWORK_SEARCH_PATHS = (
					"$(SDKROOT)/Developer/Library/Frameworks",
					"$(inherited)",
					"$(DEVELOPER_FRAMEWORKS_DIR)",
				);
				GCC_PRECOMPILE_PREFIX_HEADER = YES;
				GCC_PREFIX_HEADER = "uidynamicsDemo/uidynamicsDemo-Prefix.pch";
				GCC_PREPROCESSOR_DEFINITIONS = (
					"DEBUG=1",
					"$(inherited)",
				);
				INFOPLIST_FILE = "uidynamicsDemoTests/uidynamicsDemoTests-Info.plist";
				PRODUCT_NAME = "$(TARGET_NAME)";
				TEST_HOST = "$(BUNDLE_LOADER)";
				WRAPPER_EXTENSION = xctest;
			};
			name = Debug;
		};
		446489EA19D2C59D00573E4C /* Release */ = {
			isa = XCBuildConfiguration;
			buildSettings = {
				BUNDLE_LOADER = "$(BUILT_PRODUCTS_DIR)/uidynamicsDemo.app/uidynamicsDemo";
				FRAMEWORK_SEARCH_PATHS = (
					"$(SDKROOT)/Developer/Library/Frameworks",
					"$(inherited)",
					"$(DEVELOPER_FRAMEWORKS_DIR)",
				);
				GCC_PRECOMPILE_PREFIX_HEADER = YES;
				GCC_PREFIX_HEADER = "uidynamicsDemo/uidynamicsDemo-Prefix.pch";
				INFOPLIST_FILE = "uidynamicsDemoTests/uidynamicsDemoTests-Info.plist";
				PRODUCT_NAME = "$(TARGET_NAME)";
				TEST_HOST = "$(BUNDLE_LOADER)";
				WRAPPER_EXTENSION = xctest;
			};
			name = Release;
		};
/* End XCBuildConfiguration section */

/* Begin XCConfigurationList section */
		446489AE19D2C59D00573E4C /* Build configuration list for PBXProject "uidynamicsDemo" */ = {
			isa = XCConfigurationList;
			buildConfigurations = (
				446489E319D2C59D00573E4C /* Debug */,
				446489E419D2C59D00573E4C /* Release */,
			);
			defaultConfigurationIsVisible = 0;
			defaultConfigurationName = Release;
		};
		446489E519D2C59D00573E4C /* Build configuration list for PBXNativeTarget "uidynamicsDemo" */ = {
			isa = XCConfigurationList;
			buildConfigurations = (
				446489E619D2C59D00573E4C /* Debug */,
				446489E719D2C59D00573E4C /* Release */,
			);
			defaultConfigurationIsVisible = 0;
		};
		446489E819D2C59D00573E4C /* Build configuration list for PBXNativeTarget "uidynamicsDemoTests" */ = {
			isa = XCConfigurationList;
			buildConfigurations = (
				446489E919D2C59D00573E4C /* Debug */,
				446489EA19D2C59D00573E4C /* Release */,
			);
			defaultConfigurationIsVisible = 0;
		};
/* End XCConfigurationList section */
	};
	rootObject = 446489AB19D2C59D00573E4C /* Project object */;
}
